
Microsoft Visual Studio Solution File, Format Version 12.00
# Visual Studio Version 16
VisualStudioVersion = 16.0.29613.14
MinimumVisualStudioVersion = 10.0.40219.1
Project("{FAE04EC0-301F-11D3-BF4B-00C04F79EFBC}") = "RazorPagesMovie", "RazorPagesMovie.csproj", "{28A4AD4A-1A68-4D70-A720-DF5D9A9A37EE}"
EndProject
Global
	GlobalSection(SolutionConfigurationPlatforms) = preSolution
		Debug|Any CPU = Debug|Any CPU
		Release|Any CPU = Release|Any CPU
	EndGlobalSection
	GlobalSection(ProjectConfigurationPlatforms) = postSolution
		{28A4AD4A-1A68-4D70-A720-DF5D9A9A37EE}.Debug|Any CPU.ActiveCfg = Debug|Any CPU
		{28A4AD4A-1A68-4D70-A720-DF5D9A9A37EE}.Debug|Any CPU.Build.0 = Debug|Any CPU
		{28A4AD4A-1A68-4D70-A720-DF5D9A9A37EE}.Release|Any CPU.ActiveCfg = Release|Any CPU
		{28A4AD4A-1A68-4D70-A720-DF5D9A9A37EE}.Release|Any CPU.Build.0 = Release|Any CPU
	EndGlobalSection
	GlobalSection(SolutionProperties) = preSolution
		HideSolutionNode = FALSE
	EndGlobalSection
	GlobalSection(ExtensibilityGlobals) = postSolution
		SolutionGuid = {7B9C25DE-B976-4C5C-8581-7DD5E5115223}
	EndGlobalSection
EndGlobal
